
Microsoft Visual Studio Solution File, Format Version 12.00
# Visual Studio Version 17
VisualStudioVersion = 17.7.34221.43
MinimumVisualStudioVersion = 10.0.40219.1
Project("{9A19103F-16F7-4668-BE54-9A1E7A4F7556}") = "ASPMVCProj1", "ASPMVCProj1\ASPMVCProj1.csproj", "{6B5D777F-304D-45BA-8E8E-2F3281534FD8}"
EndProject
Project("{9A19103F-16F7-4668-BE54-9A1E7A4F7556}") = "ASPMVC2", "ASPMVC2\ASPMVC2.csproj", "{CA2EDBF4-1FB0-4077-893D-4C152AB295CA}"
EndProject
Project("{9A19103F-16F7-4668-BE54-9A1E7A4F7556}") = "ASPMVC3", "ASPMVC3\ASPMVC3.csproj", "{3FDA1AAE-168A-4927-A687-E3B764629557}"
EndProject
Project("{9A19103F-16F7-4668-BE54-9A1E7A4F7556}") = "ASPMVC_View", "ASPMVC_View\ASPMVC_View.csproj", "{9EF75246-9FDA-494D-8D52-9B01BF8BC4B8}"
EndProject
Project("{9A19103F-16F7-4668-BE54-9A1E7A4F7556}") = "MVC(CRUD)", "MVC(CRUD)\MVC(CRUD).csproj", "{07D940DF-8A40-41F2-A1C9-67488B059BF8}"
EndProject
Project("{9A19103F-16F7-4668-BE54-9A1E7A4F7556}") = "AreaWalaProject", "AreaWalaProject\AreaWalaProject.csproj", "{999E17C6-E779-4103-8ED1-B008CF61B0EC}"
EndProject
Project("{9A19103F-16F7-4668-BE54-9A1E7A4F7556}") = "Task1", "Task1\Task1.csproj", "{A620C19F-4312-4351-94C1-EFC36C62E16D}"
EndProject
Project("{9A19103F-16F7-4668-BE54-9A1E7A4F7556}") = "ValidationDemo", "ValidationDemo\ValidationDemo.csproj", "{8BCFB256-1953-4651-94BE-5F1659CB53AD}"
EndProject
Project("{9A19103F-16F7-4668-BE54-9A1E7A4F7556}") = "FilterDemo", "FilterDemo\FilterDemo.csproj", "{125FD9E4-6FC8-4DBE-884F-BCAD44B98FD1}"
EndProject
Project("{FAE04EC0-301F-11D3-BF4B-00C04F79EFBC}") = "EFDAL", "EFDAL\EFDAL.csproj", "{84E53830-92A2-4B29-97E9-4D08D33A5852}"
EndProject
Project("{FAE04EC0-301F-11D3-BF4B-00C04F79EFBC}") = "EFDALMVCClient", "EFDALMVCClient\EFDALMVCClient.csproj", "{6D592994-3FD7-4BFD-9DC6-D3657D68A6FA}"
EndProject
Global
	GlobalSection(SolutionConfigurationPlatforms) = preSolution
		Debug|Any CPU = Debug|Any CPU
		Release|Any CPU = Release|Any CPU
	EndGlobalSection
	GlobalSection(ProjectConfigurationPlatforms) = postSolution
		{6B5D777F-304D-45BA-8E8E-2F3281534FD8}.Debug|Any CPU.ActiveCfg = Debug|Any CPU
		{6B5D777F-304D-45BA-8E8E-2F3281534FD8}.Debug|Any CPU.Build.0 = Debug|Any CPU
		{6B5D777F-304D-45BA-8E8E-2F3281534FD8}.Release|Any CPU.ActiveCfg = Release|Any CPU
		{6B5D777F-304D-45BA-8E8E-2F3281534FD8}.Release|Any CPU.Build.0 = Release|Any CPU
		{CA2EDBF4-1FB0-4077-893D-4C152AB295CA}.Debug|Any CPU.ActiveCfg = Debug|Any CPU
		{CA2EDBF4-1FB0-4077-893D-4C152AB295CA}.Debug|Any CPU.Build.0 = Debug|Any CPU
		{CA2EDBF4-1FB0-4077-893D-4C152AB295CA}.Release|Any CPU.ActiveCfg = Release|Any CPU
		{CA2EDBF4-1FB0-4077-893D-4C152AB295CA}.Release|Any CPU.Build.0 = Release|Any CPU
		{3FDA1AAE-168A-4927-A687-E3B764629557}.Debug|Any CPU.ActiveCfg = Debug|Any CPU
		{3FDA1AAE-168A-4927-A687-E3B764629557}.Debug|Any CPU.Build.0 = Debug|Any CPU
		{3FDA1AAE-168A-4927-A687-E3B764629557}.Release|Any CPU.ActiveCfg = Release|Any CPU
		{3FDA1AAE-168A-4927-A687-E3B764629557}.Release|Any CPU.Build.0 = Release|Any CPU
		{9EF75246-9FDA-494D-8D52-9B01BF8BC4B8}.Debug|Any CPU.ActiveCfg = Debug|Any CPU
		{9EF75246-9FDA-494D-8D52-9B01BF8BC4B8}.Debug|Any CPU.Build.0 = Debug|Any CPU
		{9EF75246-9FDA-494D-8D52-9B01BF8BC4B8}.Release|Any CPU.ActiveCfg = Release|Any CPU
		{9EF75246-9FDA-494D-8D52-9B01BF8BC4B8}.Release|Any CPU.Build.0 = Release|Any CPU
		{07D940DF-8A40-41F2-A1C9-67488B059BF8}.Debug|Any CPU.ActiveCfg = Debug|Any CPU
		{07D940DF-8A40-41F2-A1C9-67488B059BF8}.Debug|Any CPU.Build.0 = Debug|Any CPU
		{07D940DF-8A40-41F2-A1C9-67488B059BF8}.Release|Any CPU.ActiveCfg = Release|Any CPU
		{07D940DF-8A40-41F2-A1C9-67488B059BF8}.Release|Any CPU.Build.0 = Release|Any CPU
		{999E17C6-E779-4103-8ED1-B008CF61B0EC}.Debug|Any CPU.ActiveCfg = Debug|Any CPU
		{999E17C6-E779-4103-8ED1-B008CF61B0EC}.Debug|Any CPU.Build.0 = Debug|Any CPU
		{999E17C6-E779-4103-8ED1-B008CF61B0EC}.Release|Any CPU.ActiveCfg = Release|Any CPU
		{999E17C6-E779-4103-8ED1-B008CF61B0EC}.Release|Any CPU.Build.0 = Release|Any CPU
		{A620C19F-4312-4351-94C1-EFC36C62E16D}.Debug|Any CPU.ActiveCfg = Debug|Any CPU
		{A620C19F-4312-4351-94C1-EFC36C62E16D}.Debug|Any CPU.Build.0 = Debug|Any CPU
		{A620C19F-4312-4351-94C1-EFC36C62E16D}.Release|Any CPU.ActiveCfg = Release|Any CPU
		{A620C19F-4312-4351-94C1-EFC36C62E16D}.Release|Any CPU.Build.0 = Release|Any CPU
		{8BCFB256-1953-4651-94BE-5F1659CB53AD}.Debug|Any CPU.ActiveCfg = Debug|Any CPU
		{8BCFB256-1953-4651-94BE-5F1659CB53AD}.Debug|Any CPU.Build.0 = Debug|Any CPU
		{8BCFB256-1953-4651-94BE-5F1659CB53AD}.Release|Any CPU.ActiveCfg = Release|Any CPU
		{8BCFB256-1953-4651-94BE-5F1659CB53AD}.Release|Any CPU.Build.0 = Release|Any CPU
		{125FD9E4-6FC8-4DBE-884F-BCAD44B98FD1}.Debug|Any CPU.ActiveCfg = Debug|Any CPU
		{125FD9E4-6FC8-4DBE-884F-BCAD44B98FD1}.Debug|Any CPU.Build.0 = Debug|Any CPU
		{125FD9E4-6FC8-4DBE-884F-BCAD44B98FD1}.Release|Any CPU.ActiveCfg = Release|Any CPU
		{125FD9E4-6FC8-4DBE-884F-BCAD44B98FD1}.Release|Any CPU.Build.0 = Release|Any CPU
		{84E53830-92A2-4B29-97E9-4D08D33A5852}.Debug|Any CPU.ActiveCfg = Debug|Any CPU
		{84E53830-92A2-4B29-97E9-4D08D33A5852}.Debug|Any CPU.Build.0 = Debug|Any CPU
		{84E53830-92A2-4B29-97E9-4D08D33A5852}.Release|Any CPU.ActiveCfg = Release|Any CPU
		{84E53830-92A2-4B29-97E9-4D08D33A5852}.Release|Any CPU.Build.0 = Release|Any CPU
		{6D592994-3FD7-4BFD-9DC6-D3657D68A6FA}.Debug|Any CPU.ActiveCfg = Debug|Any CPU
		{6D592994-3FD7-4BFD-9DC6-D3657D68A6FA}.Debug|Any CPU.Build.0 = Debug|Any CPU
		{6D592994-3FD7-4BFD-9DC6-D3657D68A6FA}.Release|Any CPU.ActiveCfg = Release|Any CPU
		{6D592994-3FD7-4BFD-9DC6-D3657D68A6FA}.Release|Any CPU.Build.0 = Release|Any CPU
	EndGlobalSection
	GlobalSection(SolutionProperties) = preSolution
		HideSolutionNode = FALSE
	EndGlobalSection
	GlobalSection(ExtensibilityGlobals) = postSolution
		SolutionGuid = {06D82972-068F-428A-8CFF-84B920954D5F}
	EndGlobalSection
EndGlobal
